
Microsoft Visual Studio Solution File, Format Version 12.00
# Visual Studio 14
VisualStudioVersion = 14.0.25420.1
MinimumVisualStudioVersion = 10.0.40219.1
Project("{FAE04EC0-301F-11D3-BF4B-00C04F79EFBC}") = "MvcIntegrationServerApp", "MvcIntegrationServerApp\MvcIntegrationServerApp.csproj", "{7A44A641-2B50-430E-A842-45792A64F41E}"
EndProject
Project("{FAE04EC0-301F-11D3-BF4B-00C04F79EFBC}") = "JsonQuoteConnector", "JsonQuoteConnector\JsonQuoteConnector.csproj", "{F132651B-0A45-492F-A2DF-4E4EB581EFC0}"
EndProject
Global
	GlobalSection(SolutionConfigurationPlatforms) = preSolution
		Debug|Any CPU = Debug|Any CPU
		Release|Any CPU = Release|Any CPU
	EndGlobalSection
	GlobalSection(ProjectConfigurationPlatforms) = postSolution
		{7A44A641-2B50-430E-A842-45792A64F41E}.Debug|Any CPU.ActiveCfg = Debug|Any CPU
		{7A44A641-2B50-430E-A842-45792A64F41E}.Debug|Any CPU.Build.0 = Debug|Any CPU
		{7A44A641-2B50-430E-A842-45792A64F41E}.Release|Any CPU.ActiveCfg = Release|Any CPU
		{7A44A641-2B50-430E-A842-45792A64F41E}.Release|Any CPU.Build.0 = Release|Any CPU
		{F132651B-0A45-492F-A2DF-4E4EB581EFC0}.Debug|Any CPU.ActiveCfg = Debug|Any CPU
		{F132651B-0A45-492F-A2DF-4E4EB581EFC0}.Debug|Any CPU.Build.0 = Debug|Any CPU
		{F132651B-0A45-492F-A2DF-4E4EB581EFC0}.Release|Any CPU.ActiveCfg = Release|Any CPU
		{F132651B-0A45-492F-A2DF-4E4EB581EFC0}.Release|Any CPU.Build.0 = Release|Any CPU
	EndGlobalSection
	GlobalSection(SolutionProperties) = preSolution
		HideSolutionNode = FALSE
	EndGlobalSection
EndGlobal
